// !$*UTF8*$!
{
	archiveVersion = 1;
	classes = {
	};
	objectVersion = 50;
	objects = {

/* Begin PBXBuildFile section */
		3905E42C25B8A13100A13CD1 /* NetworkError.swift in Sources */ = {isa = PBXBuildFile; fileRef = 3905E42B25B8A13100A13CD1 /* NetworkError.swift */; };
		391EC25B25A792C300BDFF48 /* CurrencyListViewController.swift in Sources */ = {isa = PBXBuildFile; fileRef = 391EC25A25A792C300BDFF48 /* CurrencyListViewController.swift */; };
		391EC26025A7941400BDFF48 /* Constants.swift in Sources */ = {isa = PBXBuildFile; fileRef = 391EC25F25A7941400BDFF48 /* Constants.swift */; };
		391EC26425A7943000BDFF48 /* Constants+UI.swift in Sources */ = {isa = PBXBuildFile; fileRef = 391EC26325A7943000BDFF48 /* Constants+UI.swift */; };
		391EC26725A7CC0000BDFF48 /* InterfaceFactory.swift in Sources */ = {isa = PBXBuildFile; fileRef = 391EC26625A7CC0000BDFF48 /* InterfaceFactory.swift */; };
		391EC26A25A7CC3000BDFF48 /* InterfaceFactory+UIButton.swift in Sources */ = {isa = PBXBuildFile; fileRef = 391EC26925A7CC3000BDFF48 /* InterfaceFactory+UIButton.swift */; };
		391EC26E25A7E1C700BDFF48 /* UIView+AddSubview.swift in Sources */ = {isa = PBXBuildFile; fileRef = 391EC26D25A7E1C700BDFF48 /* UIView+AddSubview.swift */; };
		391EC27025A7E3D300BDFF48 /* InterfaceFactory+UITableView.swift in Sources */ = {isa = PBXBuildFile; fileRef = 391EC26F25A7E3D300BDFF48 /* InterfaceFactory+UITableView.swift */; };
		3922B07C25A59D2500DC9C46 /* AppDelegate.swift in Sources */ = {isa = PBXBuildFile; fileRef = 3922B07B25A59D2500DC9C46 /* AppDelegate.swift */; };
		3922B08525A59D2600DC9C46 /* Assets.xcassets in Resources */ = {isa = PBXBuildFile; fileRef = 3922B08425A59D2600DC9C46 /* Assets.xcassets */; };
		3922B08825A59D2600DC9C46 /* LaunchScreen.storyboard in Resources */ = {isa = PBXBuildFile; fileRef = 3922B08625A59D2600DC9C46 /* LaunchScreen.storyboard */; };
		39E0AAD325A9D8E6007D4C1D /* ParameterEncoding.swift in Sources */ = {isa = PBXBuildFile; fileRef = 39E0AAD225A9D8E6007D4C1D /* ParameterEncoding.swift */; };
		39E0AAD525A9D8FC007D4C1D /* URLParameterEncoder.swift in Sources */ = {isa = PBXBuildFile; fileRef = 39E0AAD425A9D8FC007D4C1D /* URLParameterEncoder.swift */; };
		39E0AAD725A9D90E007D4C1D /* JSONParameterEncoder.swift in Sources */ = {isa = PBXBuildFile; fileRef = 39E0AAD625A9D90E007D4C1D /* JSONParameterEncoder.swift */; };
		39E0AAD925A9D988007D4C1D /* EndPointType.swift in Sources */ = {isa = PBXBuildFile; fileRef = 39E0AAD825A9D988007D4C1D /* EndPointType.swift */; };
		39E0AADB25A9D99A007D4C1D /* HTTPMethod.swift in Sources */ = {isa = PBXBuildFile; fileRef = 39E0AADA25A9D99A007D4C1D /* HTTPMethod.swift */; };
		39E0AADD25A9D9CD007D4C1D /* HTTPTask.swift in Sources */ = {isa = PBXBuildFile; fileRef = 39E0AADC25A9D9CD007D4C1D /* HTTPTask.swift */; };
		39E0AADF25A9DA44007D4C1D /* Router.swift in Sources */ = {isa = PBXBuildFile; fileRef = 39E0AADE25A9DA44007D4C1D /* Router.swift */; };
		39E0AAE325A9DA94007D4C1D /* NetworkManager.swift in Sources */ = {isa = PBXBuildFile; fileRef = 39E0AAE225A9DA94007D4C1D /* NetworkManager.swift */; };
		39E0AAE625A9DAE6007D4C1D /* CurrencyTDO.swift in Sources */ = {isa = PBXBuildFile; fileRef = 39E0AAE525A9DAE6007D4C1D /* CurrencyTDO.swift */; };
		39E0AAE825A9E244007D4C1D /* Currency.swift in Sources */ = {isa = PBXBuildFile; fileRef = 39E0AAE725A9E244007D4C1D /* Currency.swift */; };
		39E0AAEC25AA00E1007D4C1D /* NBUAPI.swift in Sources */ = {isa = PBXBuildFile; fileRef = 39E0AAEB25AA00E1007D4C1D /* NBUAPI.swift */; };
		39E0AAEE25AA045F007D4C1D /* Date+Extension.swift in Sources */ = {isa = PBXBuildFile; fileRef = 39E0AAED25AA045F007D4C1D /* Date+Extension.swift */; };
		39E49DC925A7EB2B0030765E /* CurrencyCell.swift in Sources */ = {isa = PBXBuildFile; fileRef = 39E49DC825A7EB2B0030765E /* CurrencyCell.swift */; };
		39E49DCB25A7EC8C0030765E /* ReusableView.swift in Sources */ = {isa = PBXBuildFile; fileRef = 39E49DCA25A7EC8C0030765E /* ReusableView.swift */; };
		39E49DCD25A7F7D80030765E /* InterfaceFactory+UILabel.swift in Sources */ = {isa = PBXBuildFile; fileRef = 39E49DCC25A7F7D80030765E /* InterfaceFactory+UILabel.swift */; };
		39FABBB825ABB17B00F7F989 /* Double+Extension.swift in Sources */ = {isa = PBXBuildFile; fileRef = 39FABBB725ABB17B00F7F989 /* Double+Extension.swift */; };
		39FE999325AA24A10038F3D1 /* ConverterViewController.swift in Sources */ = {isa = PBXBuildFile; fileRef = 39FE999225AA24A10038F3D1 /* ConverterViewController.swift */; };
		39FE999525AA31340038F3D1 /* InterfaceFactory+UITextView.swift in Sources */ = {isa = PBXBuildFile; fileRef = 39FE999425AA31340038F3D1 /* InterfaceFactory+UITextView.swift */; };
		39FE999725AA34330038F3D1 /* InterfaceFactory+UIPickerView.swift in Sources */ = {isa = PBXBuildFile; fileRef = 39FE999625AA34330038F3D1 /* InterfaceFactory+UIPickerView.swift */; };
/* End PBXBuildFile section */

/* Begin PBXFileReference section */
		3905E42B25B8A13100A13CD1 /* NetworkError.swift */ = {isa = PBXFileReference; lastKnownFileType = sourcecode.swift; path = NetworkError.swift; sourceTree = "<group>"; };
		391EC25A25A792C300BDFF48 /* CurrencyListViewController.swift */ = {isa = PBXFileReference; lastKnownFileType = sourcecode.swift; path = CurrencyListViewController.swift; sourceTree = "<group>"; };
		391EC25F25A7941400BDFF48 /* Constants.swift */ = {isa = PBXFileReference; lastKnownFileType = sourcecode.swift; path = Constants.swift; sourceTree = "<group>"; };
		391EC26325A7943000BDFF48 /* Constants+UI.swift */ = {isa = PBXFileReference; lastKnownFileType = sourcecode.swift; path = "Constants+UI.swift"; sourceTree = "<group>"; };
		391EC26625A7CC0000BDFF48 /* InterfaceFactory.swift */ = {isa = PBXFileReference; lastKnownFileType = sourcecode.swift; path = InterfaceFactory.swift; sourceTree = "<group>"; };
		391EC26925A7CC3000BDFF48 /* InterfaceFactory+UIButton.swift */ = {isa = PBXFileReference; lastKnownFileType = sourcecode.swift; path = "InterfaceFactory+UIButton.swift"; sourceTree = "<group>"; };
		391EC26D25A7E1C700BDFF48 /* UIView+AddSubview.swift */ = {isa = PBXFileReference; lastKnownFileType = sourcecode.swift; path = "UIView+AddSubview.swift"; sourceTree = "<group>"; };
		391EC26F25A7E3D300BDFF48 /* InterfaceFactory+UITableView.swift */ = {isa = PBXFileReference; lastKnownFileType = sourcecode.swift; path = "InterfaceFactory+UITableView.swift"; sourceTree = "<group>"; };
		3922B07825A59D2500DC9C46 /* NBUCurrencyConverter.app */ = {isa = PBXFileReference; explicitFileType = wrapper.application; includeInIndex = 0; path = NBUCurrencyConverter.app; sourceTree = BUILT_PRODUCTS_DIR; };
		3922B07B25A59D2500DC9C46 /* AppDelegate.swift */ = {isa = PBXFileReference; lastKnownFileType = sourcecode.swift; path = AppDelegate.swift; sourceTree = "<group>"; };
		3922B08425A59D2600DC9C46 /* Assets.xcassets */ = {isa = PBXFileReference; lastKnownFileType = folder.assetcatalog; path = Assets.xcassets; sourceTree = "<group>"; };
		3922B08725A59D2600DC9C46 /* Base */ = {isa = PBXFileReference; lastKnownFileType = file.storyboard; name = Base; path = Base.lproj/LaunchScreen.storyboard; sourceTree = "<group>"; };
		3922B08925A59D2600DC9C46 /* Info.plist */ = {isa = PBXFileReference; lastKnownFileType = text.plist.xml; path = Info.plist; sourceTree = "<group>"; };
		39E0AAD225A9D8E6007D4C1D /* ParameterEncoding.swift */ = {isa = PBXFileReference; lastKnownFileType = sourcecode.swift; path = ParameterEncoding.swift; sourceTree = "<group>"; };
		39E0AAD425A9D8FC007D4C1D /* URLParameterEncoder.swift */ = {isa = PBXFileReference; lastKnownFileType = sourcecode.swift; path = URLParameterEncoder.swift; sourceTree = "<group>"; };
		39E0AAD625A9D90E007D4C1D /* JSONParameterEncoder.swift */ = {isa = PBXFileReference; lastKnownFileType = sourcecode.swift; path = JSONParameterEncoder.swift; sourceTree = "<group>"; };
		39E0AAD825A9D988007D4C1D /* EndPointType.swift */ = {isa = PBXFileReference; lastKnownFileType = sourcecode.swift; path = EndPointType.swift; sourceTree = "<group>"; };
		39E0AADA25A9D99A007D4C1D /* HTTPMethod.swift */ = {isa = PBXFileReference; lastKnownFileType = sourcecode.swift; path = HTTPMethod.swift; sourceTree = "<group>"; };
		39E0AADC25A9D9CD007D4C1D /* HTTPTask.swift */ = {isa = PBXFileReference; lastKnownFileType = sourcecode.swift; path = HTTPTask.swift; sourceTree = "<group>"; };
		39E0AADE25A9DA44007D4C1D /* Router.swift */ = {isa = PBXFileReference; lastKnownFileType = sourcecode.swift; path = Router.swift; sourceTree = "<group>"; };
		39E0AAE225A9DA94007D4C1D /* NetworkManager.swift */ = {isa = PBXFileReference; lastKnownFileType = sourcecode.swift; path = NetworkManager.swift; sourceTree = "<group>"; };
		39E0AAE525A9DAE6007D4C1D /* CurrencyTDO.swift */ = {isa = PBXFileReference; lastKnownFileType = sourcecode.swift; path = CurrencyTDO.swift; sourceTree = "<group>"; };
		39E0AAE725A9E244007D4C1D /* Currency.swift */ = {isa = PBXFileReference; lastKnownFileType = sourcecode.swift; path = Currency.swift; sourceTree = "<group>"; };
		39E0AAEB25AA00E1007D4C1D /* NBUAPI.swift */ = {isa = PBXFileReference; lastKnownFileType = sourcecode.swift; path = NBUAPI.swift; sourceTree = "<group>"; };
		39E0AAED25AA045F007D4C1D /* Date+Extension.swift */ = {isa = PBXFileReference; lastKnownFileType = sourcecode.swift; path = "Date+Extension.swift"; sourceTree = "<group>"; };
		39E49DC825A7EB2B0030765E /* CurrencyCell.swift */ = {isa = PBXFileReference; lastKnownFileType = sourcecode.swift; path = CurrencyCell.swift; sourceTree = "<group>"; };
		39E49DCA25A7EC8C0030765E /* ReusableView.swift */ = {isa = PBXFileReference; lastKnownFileType = sourcecode.swift; path = ReusableView.swift; sourceTree = "<group>"; };
		39E49DCC25A7F7D80030765E /* InterfaceFactory+UILabel.swift */ = {isa = PBXFileReference; lastKnownFileType = sourcecode.swift; path = "InterfaceFactory+UILabel.swift"; sourceTree = "<group>"; };
		39FABBB725ABB17B00F7F989 /* Double+Extension.swift */ = {isa = PBXFileReference; lastKnownFileType = sourcecode.swift; path = "Double+Extension.swift"; sourceTree = "<group>"; };
		39FE999225AA24A10038F3D1 /* ConverterViewController.swift */ = {isa = PBXFileReference; lastKnownFileType = sourcecode.swift; path = ConverterViewController.swift; sourceTree = "<group>"; };
		39FE999425AA31340038F3D1 /* InterfaceFactory+UITextView.swift */ = {isa = PBXFileReference; lastKnownFileType = sourcecode.swift; path = "InterfaceFactory+UITextView.swift"; sourceTree = "<group>"; };
		39FE999625AA34330038F3D1 /* InterfaceFactory+UIPickerView.swift */ = {isa = PBXFileReference; lastKnownFileType = sourcecode.swift; path = "InterfaceFactory+UIPickerView.swift"; sourceTree = "<group>"; };
/* End PBXFileReference section */

/* Begin PBXFrameworksBuildPhase section */
		3922B07525A59D2500DC9C46 /* Frameworks */ = {
			isa = PBXFrameworksBuildPhase;
			buildActionMask = 2147483647;
			files = (
			);
			runOnlyForDeploymentPostprocessing = 0;
		};
/* End PBXFrameworksBuildPhase section */

/* Begin PBXGroup section */
		3905E42A25B89CDC00A13CD1 /* ProjectFiles */ = {
			isa = PBXGroup;
			children = (
				3922B07B25A59D2500DC9C46 /* AppDelegate.swift */,
				3922B08425A59D2600DC9C46 /* Assets.xcassets */,
				3922B08625A59D2600DC9C46 /* LaunchScreen.storyboard */,
				3922B08925A59D2600DC9C46 /* Info.plist */,
			);
			name = ProjectFiles;
			sourceTree = "<group>";
		};
		391EC25825A7924B00BDFF48 /* CurrencyList */ = {
			isa = PBXGroup;
			children = (
				391EC25A25A792C300BDFF48 /* CurrencyListViewController.swift */,
				39E49DC825A7EB2B0030765E /* CurrencyCell.swift */,
			);
			path = CurrencyList;
			sourceTree = "<group>";
		};
		391EC25E25A793F100BDFF48 /* Constants */ = {
			isa = PBXGroup;
			children = (
				391EC25F25A7941400BDFF48 /* Constants.swift */,
				391EC26325A7943000BDFF48 /* Constants+UI.swift */,
			);
			path = Constants;
			sourceTree = "<group>";
		};
		391EC26525A7CBF200BDFF48 /* InterfaceFactory */ = {
			isa = PBXGroup;
			children = (
				391EC26625A7CC0000BDFF48 /* InterfaceFactory.swift */,
				391EC26925A7CC3000BDFF48 /* InterfaceFactory+UIButton.swift */,
				39E49DCC25A7F7D80030765E /* InterfaceFactory+UILabel.swift */,
				391EC26F25A7E3D300BDFF48 /* InterfaceFactory+UITableView.swift */,
				39FE999425AA31340038F3D1 /* InterfaceFactory+UITextView.swift */,
				39FE999625AA34330038F3D1 /* InterfaceFactory+UIPickerView.swift */,
			);
			path = InterfaceFactory;
			sourceTree = "<group>";
		};
		391EC26B25A7E19E00BDFF48 /* Extensions */ = {
			isa = PBXGroup;
			children = (
				391EC26D25A7E1C700BDFF48 /* UIView+AddSubview.swift */,
				39E49DCA25A7EC8C0030765E /* ReusableView.swift */,
				39E0AAED25AA045F007D4C1D /* Date+Extension.swift */,
				39FABBB725ABB17B00F7F989 /* Double+Extension.swift */,
			);
			path = Extensions;
			sourceTree = "<group>";
		};
		3922B06F25A59D2500DC9C46 = {
			isa = PBXGroup;
			children = (
				3922B07A25A59D2500DC9C46 /* NBUCurrencyConverter */,
				3922B07925A59D2500DC9C46 /* Products */,
			);
			sourceTree = "<group>";
		};
		3922B07925A59D2500DC9C46 /* Products */ = {
			isa = PBXGroup;
			children = (
				3922B07825A59D2500DC9C46 /* NBUCurrencyConverter.app */,
			);
			name = Products;
			sourceTree = "<group>";
		};
		3922B07A25A59D2500DC9C46 /* NBUCurrencyConverter */ = {
			isa = PBXGroup;
			children = (
				3905E42A25B89CDC00A13CD1 /* ProjectFiles */,
				391EC25825A7924B00BDFF48 /* CurrencyList */,
				39FE999125AA24650038F3D1 /* Converter */,
				39E0AAE425A9DAC2007D4C1D /* Model */,
				391EC25E25A793F100BDFF48 /* Constants */,
				391EC26525A7CBF200BDFF48 /* InterfaceFactory */,
				391EC26B25A7E19E00BDFF48 /* Extensions */,
				39E0AACD25A9D872007D4C1D /* Networking */,
			);
			path = NBUCurrencyConverter;
			sourceTree = "<group>";
		};
		39E0AACD25A9D872007D4C1D /* Networking */ = {
			isa = PBXGroup;
			children = (
				39E0AACE25A9D896007D4C1D /* EndPoint */,
				39E0AACF25A9D8A5007D4C1D /* Manager */,
				39E0AAD125A9D8B8007D4C1D /* Service */,
				39E0AAD025A9D8B1007D4C1D /* Encoding */,
			);
			path = Networking;
			sourceTree = "<group>";
		};
		39E0AACE25A9D896007D4C1D /* EndPoint */ = {
			isa = PBXGroup;
			children = (
				39E0AAEB25AA00E1007D4C1D /* NBUAPI.swift */,
			);
			path = EndPoint;
			sourceTree = "<group>";
		};
		39E0AACF25A9D8A5007D4C1D /* Manager */ = {
			isa = PBXGroup;
			children = (
				39E0AAE225A9DA94007D4C1D /* NetworkManager.swift */,
			);
			path = Manager;
			sourceTree = "<group>";
		};
		39E0AAD025A9D8B1007D4C1D /* Encoding */ = {
			isa = PBXGroup;
			children = (
				39E0AAD225A9D8E6007D4C1D /* ParameterEncoding.swift */,
				39E0AAD425A9D8FC007D4C1D /* URLParameterEncoder.swift */,
				39E0AAD625A9D90E007D4C1D /* JSONParameterEncoder.swift */,
			);
			path = Encoding;
			sourceTree = "<group>";
		};
		39E0AAD125A9D8B8007D4C1D /* Service */ = {
			isa = PBXGroup;
			children = (
				39E0AAD825A9D988007D4C1D /* EndPointType.swift */,
				39E0AADA25A9D99A007D4C1D /* HTTPMethod.swift */,
				39E0AADC25A9D9CD007D4C1D /* HTTPTask.swift */,
				39E0AADE25A9DA44007D4C1D /* Router.swift */,
				3905E42B25B8A13100A13CD1 /* NetworkError.swift */,
			);
			path = Service;
			sourceTree = "<group>";
		};
		39E0AAE425A9DAC2007D4C1D /* Model */ = {
			isa = PBXGroup;
			children = (
				39E0AAE525A9DAE6007D4C1D /* CurrencyTDO.swift */,
				39E0AAE725A9E244007D4C1D /* Currency.swift */,
			);
			path = Model;
			sourceTree = "<group>";
		};
		39FE999125AA24650038F3D1 /* Converter */ = {
			isa = PBXGroup;
			children = (
				39FE999225AA24A10038F3D1 /* ConverterViewController.swift */,
			);
			path = Converter;
			sourceTree = "<group>";
		};
/* End PBXGroup section */

/* Begin PBXNativeTarget section */
		3922B07725A59D2500DC9C46 /* NBUCurrencyConverter */ = {
			isa = PBXNativeTarget;
			buildConfigurationList = 3922B0A225A59D2600DC9C46 /* Build configuration list for PBXNativeTarget "NBUCurrencyConverter" */;
			buildPhases = (
				3922B07425A59D2500DC9C46 /* Sources */,
				3922B07525A59D2500DC9C46 /* Frameworks */,
				3922B07625A59D2500DC9C46 /* Resources */,
			);
			buildRules = (
			);
			dependencies = (
			);
			name = NBUCurrencyConverter;
			productName = NBUCurrencyConverter;
			productReference = 3922B07825A59D2500DC9C46 /* NBUCurrencyConverter.app */;
			productType = "com.apple.product-type.application";
		};
/* End PBXNativeTarget section */

/* Begin PBXProject section */
		3922B07025A59D2500DC9C46 /* Project object */ = {
			isa = PBXProject;
			attributes = {
				LastSwiftUpdateCheck = 1160;
				LastUpgradeCheck = 1160;
				ORGANIZATIONNAME = "Ivan Dekhtiarov";
				TargetAttributes = {
					3922B07725A59D2500DC9C46 = {
						CreatedOnToolsVersion = 11.6;
					};
				};
			};
			buildConfigurationList = 3922B07325A59D2500DC9C46 /* Build configuration list for PBXProject "NBUCurrencyConverter" */;
			compatibilityVersion = "Xcode 9.3";
			developmentRegion = en;
			hasScannedForEncodings = 0;
			knownRegions = (
				en,
				Base,
			);
			mainGroup = 3922B06F25A59D2500DC9C46;
			productRefGroup = 3922B07925A59D2500DC9C46 /* Products */;
			projectDirPath = "";
			projectRoot = "";
			targets = (
				3922B07725A59D2500DC9C46 /* NBUCurrencyConverter */,
			);
		};
/* End PBXProject section */

/* Begin PBXResourcesBuildPhase section */
		3922B07625A59D2500DC9C46 /* Resources */ = {
			isa = PBXResourcesBuildPhase;
			buildActionMask = 2147483647;
			files = (
				3922B08825A59D2600DC9C46 /* LaunchScreen.storyboard in Resources */,
				3922B08525A59D2600DC9C46 /* Assets.xcassets in Resources */,
			);
			runOnlyForDeploymentPostprocessing = 0;
		};
/* End PBXResourcesBuildPhase section */

/* Begin PBXSourcesBuildPhase section */
		3922B07425A59D2500DC9C46 /* Sources */ = {
			isa = PBXSourcesBuildPhase;
			buildActionMask = 2147483647;
			files = (
				39E0AAEE25AA045F007D4C1D /* Date+Extension.swift in Sources */,
				3905E42C25B8A13100A13CD1 /* NetworkError.swift in Sources */,
				39FE999725AA34330038F3D1 /* InterfaceFactory+UIPickerView.swift in Sources */,
				39E0AAD925A9D988007D4C1D /* EndPointType.swift in Sources */,
				39FE999525AA31340038F3D1 /* InterfaceFactory+UITextView.swift in Sources */,
				39E49DC925A7EB2B0030765E /* CurrencyCell.swift in Sources */,
				391EC26A25A7CC3000BDFF48 /* InterfaceFactory+UIButton.swift in Sources */,
				39E0AAE325A9DA94007D4C1D /* NetworkManager.swift in Sources */,
				391EC25B25A792C300BDFF48 /* CurrencyListViewController.swift in Sources */,
				39E0AAE825A9E244007D4C1D /* Currency.swift in Sources */,
				39E0AAD525A9D8FC007D4C1D /* URLParameterEncoder.swift in Sources */,
				39E49DCB25A7EC8C0030765E /* ReusableView.swift in Sources */,
				39E49DCD25A7F7D80030765E /* InterfaceFactory+UILabel.swift in Sources */,
				391EC26725A7CC0000BDFF48 /* InterfaceFactory.swift in Sources */,
				39E0AAD325A9D8E6007D4C1D /* ParameterEncoding.swift in Sources */,
				391EC26E25A7E1C700BDFF48 /* UIView+AddSubview.swift in Sources */,
				39E0AAD725A9D90E007D4C1D /* JSONParameterEncoder.swift in Sources */,
				39E0AAE625A9DAE6007D4C1D /* CurrencyTDO.swift in Sources */,
				39E0AADD25A9D9CD007D4C1D /* HTTPTask.swift in Sources */,
				39FE999325AA24A10038F3D1 /* ConverterViewController.swift in Sources */,
				39E0AADB25A9D99A007D4C1D /* HTTPMethod.swift in Sources */,
				3922B07C25A59D2500DC9C46 /* AppDelegate.swift in Sources */,
				391EC26025A7941400BDFF48 /* Constants.swift in Sources */,
				39FABBB825ABB17B00F7F989 /* Double+Extension.swift in Sources */,
				39E0AAEC25AA00E1007D4C1D /* NBUAPI.swift in Sources */,
				39E0AADF25A9DA44007D4C1D /* Router.swift in Sources */,
				391EC27025A7E3D300BDFF48 /* InterfaceFactory+UITableView.swift in Sources */,
				391EC26425A7943000BDFF48 /* Constants+UI.swift in Sources */,
			);
			runOnlyForDeploymentPostprocessing = 0;
		};
/* End PBXSourcesBuildPhase section */

/* Begin PBXVariantGroup section */
		3922B08625A59D2600DC9C46 /* LaunchScreen.storyboard */ = {
			isa = PBXVariantGroup;
			children = (
				3922B08725A59D2600DC9C46 /* Base */,
			);
			name = LaunchScreen.storyboard;
			sourceTree = "<group>";
		};
/* End PBXVariantGroup section */

/* Begin XCBuildConfiguration section */
		3922B0A025A59D2600DC9C46 /* Debug */ = {
			isa = XCBuildConfiguration;
			buildSettings = {
				ALWAYS_SEARCH_USER_PATHS = NO;
				CLANG_ANALYZER_NONNULL = YES;
				CLANG_ANALYZER_NUMBER_OBJECT_CONVERSION = YES_AGGRESSIVE;
				CLANG_CXX_LANGUAGE_STANDARD = "gnu++14";
				CLANG_CXX_LIBRARY = "libc++";
				CLANG_ENABLE_MODULES = YES;
				CLANG_ENABLE_OBJC_ARC = YES;
				CLANG_ENABLE_OBJC_WEAK = YES;
				CLANG_WARN_BLOCK_CAPTURE_AUTORELEASING = YES;
				CLANG_WARN_BOOL_CONVERSION = YES;
				CLANG_WARN_COMMA = YES;
				CLANG_WARN_CONSTANT_CONVERSION = YES;
				CLANG_WARN_DEPRECATED_OBJC_IMPLEMENTATIONS = YES;
				CLANG_WARN_DIRECT_OBJC_ISA_USAGE = YES_ERROR;
				CLANG_WARN_DOCUMENTATION_COMMENTS = YES;
				CLANG_WARN_EMPTY_BODY = YES;
				CLANG_WARN_ENUM_CONVERSION = YES;
				CLANG_WARN_INFINITE_RECURSION = YES;
				CLANG_WARN_INT_CONVERSION = YES;
				CLANG_WARN_NON_LITERAL_NULL_CONVERSION = YES;
				CLANG_WARN_OBJC_IMPLICIT_RETAIN_SELF = YES;
				CLANG_WARN_OBJC_LITERAL_CONVERSION = YES;
				CLANG_WARN_OBJC_ROOT_CLASS = YES_ERROR;
				CLANG_WARN_RANGE_LOOP_ANALYSIS = YES;
				CLANG_WARN_STRICT_PROTOTYPES = YES;
				CLANG_WARN_SUSPICIOUS_MOVE = YES;
				CLANG_WARN_UNGUARDED_AVAILABILITY = YES_AGGRESSIVE;
				CLANG_WARN_UNREACHABLE_CODE = YES;
				CLANG_WARN__DUPLICATE_METHOD_MATCH = YES;
				COPY_PHASE_STRIP = NO;
				DEBUG_INFORMATION_FORMAT = dwarf;
				ENABLE_STRICT_OBJC_MSGSEND = YES;
				ENABLE_TESTABILITY = YES;
				GCC_C_LANGUAGE_STANDARD = gnu11;
				GCC_DYNAMIC_NO_PIC = NO;
				GCC_NO_COMMON_BLOCKS = YES;
				GCC_OPTIMIZATION_LEVEL = 0;
				GCC_PREPROCESSOR_DEFINITIONS = (
					"DEBUG=1",
					"$(inherited)",
				);
				GCC_WARN_64_TO_32_BIT_CONVERSION = YES;
				GCC_WARN_ABOUT_RETURN_TYPE = YES_ERROR;
				GCC_WARN_UNDECLARED_SELECTOR = YES;
				GCC_WARN_UNINITIALIZED_AUTOS = YES_AGGRESSIVE;
				GCC_WARN_UNUSED_FUNCTION = YES;
				GCC_WARN_UNUSED_VARIABLE = YES;
				IPHONEOS_DEPLOYMENT_TARGET = 13.6;
				MTL_ENABLE_DEBUG_INFO = INCLUDE_SOURCE;
				MTL_FAST_MATH = YES;
				ONLY_ACTIVE_ARCH = YES;
				SDKROOT = iphoneos;
				SWIFT_ACTIVE_COMPILATION_CONDITIONS = DEBUG;
				SWIFT_OPTIMIZATION_LEVEL = "-Onone";
			};
			name = Debug;
		};
		3922B0A125A59D2600DC9C46 /* Release */ = {
			isa = XCBuildConfiguration;
			buildSettings = {
				ALWAYS_SEARCH_USER_PATHS = NO;
				CLANG_ANALYZER_NONNULL = YES;
				CLANG_ANALYZER_NUMBER_OBJECT_CONVERSION = YES_AGGRESSIVE;
				CLANG_CXX_LANGUAGE_STANDARD = "gnu++14";
				CLANG_CXX_LIBRARY = "libc++";
				CLANG_ENABLE_MODULES = YES;
				CLANG_ENABLE_OBJC_ARC = YES;
				CLANG_ENABLE_OBJC_WEAK = YES;
				CLANG_WARN_BLOCK_CAPTURE_AUTORELEASING = YES;
				CLANG_WARN_BOOL_CONVERSION = YES;
				CLANG_WARN_COMMA = YES;
				CLANG_WARN_CONSTANT_CONVERSION = YES;
				CLANG_WARN_DEPRECATED_OBJC_IMPLEMENTATIONS = YES;
				CLANG_WARN_DIRECT_OBJC_ISA_USAGE = YES_ERROR;
				CLANG_WARN_DOCUMENTATION_COMMENTS = YES;
				CLANG_WARN_EMPTY_BODY = YES;
				CLANG_WARN_ENUM_CONVERSION = YES;
				CLANG_WARN_INFINITE_RECURSION = YES;
				CLANG_WARN_INT_CONVERSION = YES;
				CLANG_WARN_NON_LITERAL_NULL_CONVERSION = YES;
				CLANG_WARN_OBJC_IMPLICIT_RETAIN_SELF = YES;
				CLANG_WARN_OBJC_LITERAL_CONVERSION = YES;
				CLANG_WARN_OBJC_ROOT_CLASS = YES_ERROR;
				CLANG_WARN_RANGE_LOOP_ANALYSIS = YES;
				CLANG_WARN_STRICT_PROTOTYPES = YES;
				CLANG_WARN_SUSPICIOUS_MOVE = YES;
				CLANG_WARN_UNGUARDED_AVAILABILITY = YES_AGGRESSIVE;
				CLANG_WARN_UNREACHABLE_CODE = YES;
				CLANG_WARN__DUPLICATE_METHOD_MATCH = YES;
				COPY_PHASE_STRIP = NO;
				DEBUG_INFORMATION_FORMAT = "dwarf-with-dsym";
				ENABLE_NS_ASSERTIONS = NO;
				ENABLE_STRICT_OBJC_MSGSEND = YES;
				GCC_C_LANGUAGE_STANDARD = gnu11;
				GCC_NO_COMMON_BLOCKS = YES;
				GCC_WARN_64_TO_32_BIT_CONVERSION = YES;
				GCC_WARN_ABOUT_RETURN_TYPE = YES_ERROR;
				GCC_WARN_UNDECLARED_SELECTOR = YES;
				GCC_WARN_UNINITIALIZED_AUTOS = YES_AGGRESSIVE;
				GCC_WARN_UNUSED_FUNCTION = YES;
				GCC_WARN_UNUSED_VARIABLE = YES;
				IPHONEOS_DEPLOYMENT_TARGET = 13.6;
				MTL_ENABLE_DEBUG_INFO = NO;
				MTL_FAST_MATH = YES;
				SDKROOT = iphoneos;
				SWIFT_COMPILATION_MODE = wholemodule;
				SWIFT_OPTIMIZATION_LEVEL = "-O";
				VALIDATE_PRODUCT = YES;
			};
			name = Release;
		};
		3922B0A325A59D2600DC9C46 /* Debug */ = {
			isa = XCBuildConfiguration;
			buildSettings = {
				ASSETCATALOG_COMPILER_APPICON_NAME = AppIcon;
				CODE_SIGN_STYLE = Automatic;
				INFOPLIST_FILE = NBUCurrencyConverter/Info.plist;
				LD_RUNPATH_SEARCH_PATHS = (
					"$(inherited)",
					"@executable_path/Frameworks",
				);
				PRODUCT_BUNDLE_IDENTIFIER = com.TytsMan.NBUCurrencyConverter;
				PRODUCT_NAME = "$(TARGET_NAME)";
				SWIFT_VERSION = 5.0;
				TARGETED_DEVICE_FAMILY = "1,2";
			};
			name = Debug;
		};
		3922B0A425A59D2600DC9C46 /* Release */ = {
			isa = XCBuildConfiguration;
			buildSettings = {
				ASSETCATALOG_COMPILER_APPICON_NAME = AppIcon;
				CODE_SIGN_STYLE = Automatic;
				INFOPLIST_FILE = NBUCurrencyConverter/Info.plist;
				LD_RUNPATH_SEARCH_PATHS = (
					"$(inherited)",
					"@executable_path/Frameworks",
				);
				PRODUCT_BUNDLE_IDENTIFIER = com.TytsMan.NBUCurrencyConverter;
				PRODUCT_NAME = "$(TARGET_NAME)";
				SWIFT_VERSION = 5.0;
				TARGETED_DEVICE_FAMILY = "1,2";
			};
			name = Release;
		};
/* End XCBuildConfiguration section */

/* Begin XCConfigurationList section */
		3922B07325A59D2500DC9C46 /* Build configuration list for PBXProject "NBUCurrencyConverter" */ = {
			isa = XCConfigurationList;
			buildConfigurations = (
				3922B0A025A59D2600DC9C46 /* Debug */,
				3922B0A125A59D2600DC9C46 /* Release */,
			);
			defaultConfigurationIsVisible = 0;
			defaultConfigurationName = Release;
		};
		3922B0A225A59D2600DC9C46 /* Build configuration list for PBXNativeTarget "NBUCurrencyConverter" */ = {
			isa = XCConfigurationList;
			buildConfigurations = (
				3922B0A325A59D2600DC9C46 /* Debug */,
				3922B0A425A59D2600DC9C46 /* Release */,
			);
			defaultConfigurationIsVisible = 0;
			defaultConfigurationName = Release;
		};
/* End XCConfigurationList section */
	};
	rootObject = 3922B07025A59D2500DC9C46 /* Project object */;
}
